// !$*UTF8*$!
{
	archiveVersion = 1;
	classes = {
	};
	objectVersion = 46;
	objects = {

/* Begin PBXBuildFile section */
		0205317E19309275000B1C5B /* DatabaseManager.m in Sources */ = {isa = PBXBuildFile; fileRef = 0205317D19309275000B1C5B /* DatabaseManager.m */; };
		0219E9BF194722B100142ECB /* CharShowViewController.m in Sources */ = {isa = PBXBuildFile; fileRef = 0219E9BE194722B100142ECB /* CharShowViewController.m */; };
		0232CE24193EF844006A9314 /* img201110111340220.jpg in Resources */ = {isa = PBXBuildFile; fileRef = 0232CE23193EF844006A9314 /* img201110111340220.jpg */; };
		0289419C19338C2C00A07065 /* LDProgressView.m in Sources */ = {isa = PBXBuildFile; fileRef = 0289419919338C2C00A07065 /* LDProgressView.m */; };
		0289419D19338C2C00A07065 /* UIColor+RGBValues.m in Sources */ = {isa = PBXBuildFile; fileRef = 0289419B19338C2C00A07065 /* UIColor+RGBValues.m */; };
		028941A119338CAC00A07065 /* BudgetViewController.m in Sources */ = {isa = PBXBuildFile; fileRef = 028941A019338CAC00A07065 /* BudgetViewController.m */; };
		3F04E34F191B29C900D69E0D /* ProvincesAndCities.plist in Resources */ = {isa = PBXBuildFile; fileRef = 3F04E34E191B29C900D69E0D /* ProvincesAndCities.plist */; };
		3F1FBC7219511F1E003FEE26 /* shuiShouji.db in Resources */ = {isa = PBXBuildFile; fileRef = 3F1FBC7119511F1E003FEE26 /* shuiShouji.db */; };
		3F1FBC7519512682003FEE26 /* IQKeyboardManager.bundle in Resources */ = {isa = PBXBuildFile; fileRef = 3F1FBC7319512682003FEE26 /* IQKeyboardManager.bundle */; };
		3F1FBC7619512682003FEE26 /* KeyboardManager.framework in Frameworks */ = {isa = PBXBuildFile; fileRef = 3F1FBC7419512682003FEE26 /* KeyboardManager.framework */; };
		3F28205A1924525D00522667 /* AddBillViewController.m in Sources */ = {isa = PBXBuildFile; fileRef = 3F2820591924525D00522667 /* AddBillViewController.m */; };
		3F323A27193EC3AA007BBCFD /* SubEditViewController.m in Sources */ = {isa = PBXBuildFile; fileRef = 3F323A26193EC3AA007BBCFD /* SubEditViewController.m */; };
		3F323A2A193EC3CD007BBCFD /* SubEcitChildViewController.m in Sources */ = {isa = PBXBuildFile; fileRef = 3F323A29193EC3CD007BBCFD /* SubEcitChildViewController.m */; };
		3F48C17B19175E8A007DF8FC /* libsqlite3.dylib in Frameworks */ = {isa = PBXBuildFile; fileRef = 3F48C17A19175E8A007DF8FC /* libsqlite3.dylib */; };
		3F4AA97C19380C7D00D1A505 /* icon.png in Resources */ = {isa = PBXBuildFile; fileRef = 3F4AA97B19380C7D00D1A505 /* icon.png */; };
		3F4B9643193582EA005794D0 /* BillShowViewController.m in Sources */ = {isa = PBXBuildFile; fileRef = 3F4B9642193582EA005794D0 /* BillShowViewController.m */; };
		3F4E24941918B0C500A4A12F /* FMDatabase.m in Sources */ = {isa = PBXBuildFile; fileRef = 3F4E248B1918B0C500A4A12F /* FMDatabase.m */; };
		3F4E24951918B0C500A4A12F /* FMDatabaseAdditions.m in Sources */ = {isa = PBXBuildFile; fileRef = 3F4E248D1918B0C500A4A12F /* FMDatabaseAdditions.m */; };
		3F4E24961918B0C500A4A12F /* FMDatabasePool.m in Sources */ = {isa = PBXBuildFile; fileRef = 3F4E248F1918B0C500A4A12F /* FMDatabasePool.m */; };
		3F4E24971918B0C500A4A12F /* FMDatabaseQueue.m in Sources */ = {isa = PBXBuildFile; fileRef = 3F4E24911918B0C500A4A12F /* FMDatabaseQueue.m */; };
		3F4E24981918B0C500A4A12F /* FMResultSet.m in Sources */ = {isa = PBXBuildFile; fileRef = 3F4E24931918B0C500A4A12F /* FMResultSet.m */; };
		3F4E249A1918B14000A4A12F /* camera.png in Resources */ = {isa = PBXBuildFile; fileRef = 3F4E24991918B14000A4A12F /* camera.png */; };
		3F4E249D1918B20A00A4A12F /* MainViewController.m in Sources */ = {isa = PBXBuildFile; fileRef = 3F4E249C1918B20A00A4A12F /* MainViewController.m */; };
		3F69F9EB194946D6009CE261 /* zhuzhuangtu.png in Resources */ = {isa = PBXBuildFile; fileRef = 3F69F9EA194946D6009CE261 /* zhuzhuangtu.png */; };
		3F6BA192192C45EA00C347EB /* GenericSeparator@2x.png in Resources */ = {isa = PBXBuildFile; fileRef = 3F6BA18A192C45EA00C347EB /* GenericSeparator@2x.png */; };
		3F6BA193192C45EA00C347EB /* KeyboardBackgroundTextured@2x.png in Resources */ = {isa = PBXBuildFile; fileRef = 3F6BA18B192C45EA00C347EB /* KeyboardBackgroundTextured@2x.png */; };
		3F6BA194192C45EA00C347EB /* BackgroundTexture@2x.png in Resources */ = {isa = PBXBuildFile; fileRef = 3F6BA18C192C45EA00C347EB /* BackgroundTexture@2x.png */; };
		3F6BA195192C45EA00C347EB /* KeyboardNumericEntryKeyBackspaceGlyphTextured@2x.png in Resources */ = {isa = PBXBuildFile; fileRef = 3F6BA18D192C45EA00C347EB /* KeyboardNumericEntryKeyBackspaceGlyphTextured@2x.png */; };
		3F6BA196192C45EA00C347EB /* KeyboardNumericEntryViewGridLinesTextured@2x.png in Resources */ = {isa = PBXBuildFile; fileRef = 3F6BA18E192C45EA00C347EB /* KeyboardNumericEntryViewGridLinesTextured@2x.png */; };
		3F6BA197192C45EA00C347EB /* KeyboardTopShadow@2x.png in Resources */ = {isa = PBXBuildFile; fileRef = 3F6BA18F192C45EA00C347EB /* KeyboardTopShadow@2x.png */; };
		3F6BA198192C45EA00C347EB /* KeyboardNumericEntryKeyPressedTextured@2x.png in Resources */ = {isa = PBXBuildFile; fileRef = 3F6BA190192C45EA00C347EB /* KeyboardNumericEntryKeyPressedTextured@2x.png */; };
		3F6BA199192C45EA00C347EB /* KeyboardNumericEntryKeyTextured@2x.png in Resources */ = {isa = PBXBuildFile; fileRef = 3F6BA191192C45EA00C347EB /* KeyboardNumericEntryKeyTextured@2x.png */; };
		3F6BA19D192C47D000C347EB /* ZenKeyboard.m in Sources */ = {isa = PBXBuildFile; fileRef = 3F6BA19C192C47D000C347EB /* ZenKeyboard.m */; };
		3F88B93A1945886000C5875A /* ShowViewController.m in Sources */ = {isa = PBXBuildFile; fileRef = 3F88B9391945886000C5875A /* ShowViewController.m */; };
		3F88B93D1945A22B00C5875A /* WeekShowViewController.m in Sources */ = {isa = PBXBuildFile; fileRef = 3F88B93C1945A22B00C5875A /* WeekShowViewController.m */; };
		3F88B9401945A24600C5875A /* MonthShowViewController.m in Sources */ = {isa = PBXBuildFile; fileRef = 3F88B93F1945A24600C5875A /* MonthShowViewController.m */; };
		3F88B9431945A88100C5875A /* CustomViewController.m in Sources */ = {isa = PBXBuildFile; fileRef = 3F88B9421945A88100C5875A /* CustomViewController.m */; };
		3F892409191C77CC00E6B429 /* EditViewController.m in Sources */ = {isa = PBXBuildFile; fileRef = 3F892408191C77CC00E6B429 /* EditViewController.m */; };
		3F89240C191C870300E6B429 /* EditChildViewController.m in Sources */ = {isa = PBXBuildFile; fileRef = 3F89240B191C870300E6B429 /* EditChildViewController.m */; };
		3F92AE0D19346D650003F7B2 /* ChartViewController.m in Sources */ = {isa = PBXBuildFile; fileRef = 3F92AE0C19346D650003F7B2 /* ChartViewController.m */; };
		3FA06F95195029BF003456E4 /* CustomShowViewController.m in Sources */ = {isa = PBXBuildFile; fileRef = 3FA06F94195029BF003456E4 /* CustomShowViewController.m */; };
		3FAC17CB194024A20051E6BC /* EColor.m in Sources */ = {isa = PBXBuildFile; fileRef = 3FAC17C2194024A20051E6BC /* EColor.m */; };
		3FAC17CC194024A20051E6BC /* EColumn.m in Sources */ = {isa = PBXBuildFile; fileRef = 3FAC17C4194024A20051E6BC /* EColumn.m */; };
		3FAC17CD194024A20051E6BC /* EFloatBox.m in Sources */ = {isa = PBXBuildFile; fileRef = 3FAC17C6194024A20051E6BC /* EFloatBox.m */; };
		3FAC17CE194024A20051E6BC /* EColumnDataModel.m in Sources */ = {isa = PBXBuildFile; fileRef = 3FAC17C8194024A20051E6BC /* EColumnDataModel.m */; };
		3FAC17CF194024A20051E6BC /* EColumnChartLabel.m in Sources */ = {isa = PBXBuildFile; fileRef = 3FAC17CA194024A20051E6BC /* EColumnChartLabel.m */; };
		3FAC17D2194024AF0051E6BC /* EColumnChart.m in Sources */ = {isa = PBXBuildFile; fileRef = 3FAC17D1194024AF0051E6BC /* EColumnChart.m */; };
		3FAD301119259331003B1792 /* MXSCycleScrollView.m in Sources */ = {isa = PBXBuildFile; fileRef = 3FAD300E19259331003B1792 /* MXSCycleScrollView.m */; };
		3FAD301219259331003B1792 /* RBCustomDatePickerView.m in Sources */ = {isa = PBXBuildFile; fileRef = 3FAD301019259331003B1792 /* RBCustomDatePickerView.m */; };
		3FBCE7121917168100B674C3 /* Foundation.framework in Frameworks */ = {isa = PBXBuildFile; fileRef = 3FBCE7111917168100B674C3 /* Foundation.framework */; };
		3FBCE7141917168100B674C3 /* CoreGraphics.framework in Frameworks */ = {isa = PBXBuildFile; fileRef = 3FBCE7131917168100B674C3 /* CoreGraphics.framework */; };
		3FBCE7161917168100B674C3 /* UIKit.framework in Frameworks */ = {isa = PBXBuildFile; fileRef = 3FBCE7151917168100B674C3 /* UIKit.framework */; };
		3FBCE71C1917168100B674C3 /* InfoPlist.strings in Resources */ = {isa = PBXBuildFile; fileRef = 3FBCE71A1917168100B674C3 /* InfoPlist.strings */; };
		3FBCE71E1917168100B674C3 /* main.m in Sources */ = {isa = PBXBuildFile; fileRef = 3FBCE71D1917168100B674C3 /* main.m */; };
		3FBCE7221917168100B674C3 /* AppDelegate.m in Sources */ = {isa = PBXBuildFile; fileRef = 3FBCE7211917168100B674C3 /* AppDelegate.m */; };
		3FBCE7251917168100B674C3 /* Main.storyboard in Resources */ = {isa = PBXBuildFile; fileRef = 3FBCE7231917168100B674C3 /* Main.storyboard */; };
		3FBCE72A1917168100B674C3 /* Images.xcassets in Resources */ = {isa = PBXBuildFile; fileRef = 3FBCE7291917168100B674C3 /* Images.xcassets */; };
		3FBCE7311917168100B674C3 /* XCTest.framework in Frameworks */ = {isa = PBXBuildFile; fileRef = 3FBCE7301917168100B674C3 /* XCTest.framework */; };
		3FBCE7321917168100B674C3 /* Foundation.framework in Frameworks */ = {isa = PBXBuildFile; fileRef = 3FBCE7111917168100B674C3 /* Foundation.framework */; };
		3FBCE7331917168100B674C3 /* UIKit.framework in Frameworks */ = {isa = PBXBuildFile; fileRef = 3FBCE7151917168100B674C3 /* UIKit.framework */; };
		3FBCE73B1917168100B674C3 /* InfoPlist.strings in Resources */ = {isa = PBXBuildFile; fileRef = 3FBCE7391917168100B674C3 /* InfoPlist.strings */; };
		3FBCE73D1917168100B674C3 /* _______Tests.m in Sources */ = {isa = PBXBuildFile; fileRef = 3FBCE73C1917168100B674C3 /* _______Tests.m */; };
		3FBCE74C1917181A00B674C3 /* Bill.m in Sources */ = {isa = PBXBuildFile; fileRef = 3FBCE74B1917181A00B674C3 /* Bill.m */; };
		3FBCE74F191718B200B674C3 /* spendingType.m in Sources */ = {isa = PBXBuildFile; fileRef = 3FBCE74E191718B200B674C3 /* spendingType.m */; };
		3FBCE752191719F900B674C3 /* member.m in Sources */ = {isa = PBXBuildFile; fileRef = 3FBCE751191719F900B674C3 /* member.m */; };
		3FBCE75519171A1500B674C3 /* budget.m in Sources */ = {isa = PBXBuildFile; fileRef = 3FBCE75419171A1500B674C3 /* budget.m */; };
/* End PBXBuildFile section */

/* Begin PBXContainerItemProxy section */
		3FBCE7341917168100B674C3 /* PBXContainerItemProxy */ = {
			isa = PBXContainerItemProxy;
			containerPortal = 3FBCE7061917168100B674C3 /* Project object */;
			proxyType = 1;
			remoteGlobalIDString = 3FBCE70D1917168100B674C3;
			remoteInfo = "随手记-第三组";
		};
/* End PBXContainerItemProxy section */

/* Begin PBXFileReference section */
		0205317C19309275000B1C5B /* DatabaseManager.h */ = {isa = PBXFileReference; fileEncoding = 4; lastKnownFileType = sourcecode.c.h; path = DatabaseManager.h; sourceTree = "<group>"; };
		0205317D19309275000B1C5B /* DatabaseManager.m */ = {isa = PBXFileReference; fileEncoding = 4; lastKnownFileType = sourcecode.c.objc; path = DatabaseManager.m; sourceTree = "<group>"; };
		0219E9BD194722B100142ECB /* CharShowViewController.h */ = {isa = PBXFileReference; fileEncoding = 4; lastKnownFileType = sourcecode.c.h; name = CharShowViewController.h; path = Controllers/CharShowViewController.h; sourceTree = "<group>"; };
		0219E9BE194722B100142ECB /* CharShowViewController.m */ = {isa = PBXFileReference; fileEncoding = 4; lastKnownFileType = sourcecode.c.objc; name = CharShowViewController.m; path = Controllers/CharShowViewController.m; sourceTree = "<group>"; };
		0232CE23193EF844006A9314 /* img201110111340220.jpg */ = {isa = PBXFileReference; lastKnownFileType = image.jpeg; path = img201110111340220.jpg; sourceTree = "<group>"; };
		0289419819338C2C00A07065 /* LDProgressView.h */ = {isa = PBXFileReference; fileEncoding = 4; lastKnownFileType = sourcecode.c.h; path = LDProgressView.h; sourceTree = "<group>"; };
		0289419919338C2C00A07065 /* LDProgressView.m */ = {isa = PBXFileReference; fileEncoding = 4; lastKnownFileType = sourcecode.c.objc; path = LDProgressView.m; sourceTree = "<group>"; };
		0289419A19338C2C00A07065 /* UIColor+RGBValues.h */ = {isa = PBXFileReference; fileEncoding = 4; lastKnownFileType = sourcecode.c.h; path = "UIColor+RGBValues.h"; sourceTree = "<group>"; };
		0289419B19338C2C00A07065 /* UIColor+RGBValues.m */ = {isa = PBXFileReference; fileEncoding = 4; lastKnownFileType = sourcecode.c.objc; path = "UIColor+RGBValues.m"; sourceTree = "<group>"; };
		0289419F19338CAC00A07065 /* BudgetViewController.h */ = {isa = PBXFileReference; fileEncoding = 4; lastKnownFileType = sourcecode.c.h; name = BudgetViewController.h; path = BudgetControllers/BudgetViewController.h; sourceTree = "<group>"; };
		028941A019338CAC00A07065 /* BudgetViewController.m */ = {isa = PBXFileReference; fileEncoding = 4; lastKnownFileType = sourcecode.c.objc; name = BudgetViewController.m; path = BudgetControllers/BudgetViewController.m; sourceTree = "<group>"; };
		3F04E34E191B29C900D69E0D /* ProvincesAndCities.plist */ = {isa = PBXFileReference; fileEncoding = 4; lastKnownFileType = text.plist.xml; path = ProvincesAndCities.plist; sourceTree = "<group>"; };
		3F1FBC7119511F1E003FEE26 /* shuiShouji.db */ = {isa = PBXFileReference; lastKnownFileType = file; path = shuiShouji.db; sourceTree = "<group>"; };
		3F1FBC7319512682003FEE26 /* IQKeyboardManager.bundle */ = {isa = PBXFileReference; lastKnownFileType = "wrapper.plug-in"; path = IQKeyboardManager.bundle; sourceTree = "<group>"; };
		3F1FBC7419512682003FEE26 /* KeyboardManager.framework */ = {isa = PBXFileReference; lastKnownFileType = wrapper.framework; path = KeyboardManager.framework; sourceTree = "<group>"; };
		3F2820581924525D00522667 /* AddBillViewController.h */ = {isa = PBXFileReference; fileEncoding = 4; lastKnownFileType = sourcecode.c.h; name = AddBillViewController.h; path = Controllers/AddBillViewController.h; sourceTree = "<group>"; };
		3F2820591924525D00522667 /* AddBillViewController.m */ = {isa = PBXFileReference; fileEncoding = 4; lastKnownFileType = sourcecode.c.objc; name = AddBillViewController.m; path = Controllers/AddBillViewController.m; sourceTree = "<group>"; };
		3F323A25193EC3AA007BBCFD /* SubEditViewController.h */ = {isa = PBXFileReference; fileEncoding = 4; lastKnownFileType = sourcecode.c.h; name = SubEditViewController.h; path = Controllers/SubEditViewController.h; sourceTree = "<group>"; };
		3F323A26193EC3AA007BBCFD /* SubEditViewController.m */ = {isa = PBXFileReference; fileEncoding = 4; lastKnownFileType = sourcecode.c.objc; name = SubEditViewController.m; path = Controllers/SubEditViewController.m; sourceTree = "<group>"; };
		3F323A28193EC3CD007BBCFD /* SubEcitChildViewController.h */ = {isa = PBXFileReference; fileEncoding = 4; lastKnownFileType = sourcecode.c.h; name = SubEcitChildViewController.h; path = Controllers/SubEcitChildViewController.h; sourceTree = "<group>"; };
		3F323A29193EC3CD007BBCFD /* SubEcitChildViewController.m */ = {isa = PBXFileReference; fileEncoding = 4; lastKnownFileType = sourcecode.c.objc; name = SubEcitChildViewController.m; path = Controllers/SubEcitChildViewController.m; sourceTree = "<group>"; };
		3F48C17A19175E8A007DF8FC /* libsqlite3.dylib */ = {isa = PBXFileReference; lastKnownFileType = "compiled.mach-o.dylib"; name = libsqlite3.dylib; path = usr/lib/libsqlite3.dylib; sourceTree = SDKROOT; };
		3F4AA97B19380C7D00D1A505 /* icon.png */ = {isa = PBXFileReference; lastKnownFileType = image.png; path = icon.png; sourceTree = "<group>"; };
		3F4B9641193582EA005794D0 /* BillShowViewController.h */ = {isa = PBXFileReference; fileEncoding = 4; lastKnownFileType = sourcecode.c.h; name = BillShowViewController.h; path = BillShowViewControllers/BillShowViewController.h; sourceTree = "<group>"; };
		3F4B9642193582EA005794D0 /* BillShowViewController.m */ = {isa = PBXFileReference; fileEncoding = 4; lastKnownFileType = sourcecode.c.objc; name = BillShowViewController.m; path = BillShowViewControllers/BillShowViewController.m; sourceTree = "<group>"; };
		3F4E248A1918B0C500A4A12F /* FMDatabase.h */ = {isa = PBXFileReference; fileEncoding = 4; lastKnownFileType = sourcecode.c.h; name = FMDatabase.h; path = FMDB/FMDatabase.h; sourceTree = "<group>"; };
		3F4E248B1918B0C500A4A12F /* FMDatabase.m */ = {isa = PBXFileReference; fileEncoding = 4; lastKnownFileType = sourcecode.c.objc; name = FMDatabase.m; path = FMDB/FMDatabase.m; sourceTree = "<group>"; };
		3F4E248C1918B0C500A4A12F /* FMDatabaseAdditions.h */ = {isa = PBXFileReference; fileEncoding = 4; lastKnownFileType = sourcecode.c.h; name = FMDatabaseAdditions.h; path = FMDB/FMDatabaseAdditions.h; sourceTree = "<group>"; };
		3F4E248D1918B0C500A4A12F /* FMDatabaseAdditions.m */ = {isa = PBXFileReference; fileEncoding = 4; lastKnownFileType = sourcecode.c.objc; name = FMDatabaseAdditions.m; path = FMDB/FMDatabaseAdditions.m; sourceTree = "<group>"; };
		3F4E248E1918B0C500A4A12F /* FMDatabasePool.h */ = {isa = PBXFileReference; fileEncoding = 4; lastKnownFileType = sourcecode.c.h; name = FMDatabasePool.h; path = FMDB/FMDatabasePool.h; sourceTree = "<group>"; };
		3F4E248F1918B0C500A4A12F /* FMDatabasePool.m */ = {isa = PBXFileReference; fileEncoding = 4; lastKnownFileType = sourcecode.c.objc; name = FMDatabasePool.m; path = FMDB/FMDatabasePool.m; sourceTree = "<group>"; };
		3F4E24901918B0C500A4A12F /* FMDatabaseQueue.h */ = {isa = PBXFileReference; fileEncoding = 4; lastKnownFileType = sourcecode.c.h; name = FMDatabaseQueue.h; path = FMDB/FMDatabaseQueue.h; sourceTree = "<group>"; };
		3F4E24911918B0C500A4A12F /* FMDatabaseQueue.m */ = {isa = PBXFileReference; fileEncoding = 4; lastKnownFileType = sourcecode.c.objc; name = FMDatabaseQueue.m; path = FMDB/FMDatabaseQueue.m; sourceTree = "<group>"; };
		3F4E24921918B0C500A4A12F /* FMResultSet.h */ = {isa = PBXFileReference; fileEncoding = 4; lastKnownFileType = sourcecode.c.h; name = FMResultSet.h; path = FMDB/FMResultSet.h; sourceTree = "<group>"; };
		3F4E24931918B0C500A4A12F /* FMResultSet.m */ = {isa = PBXFileReference; fileEncoding = 4; lastKnownFileType = sourcecode.c.objc; name = FMResultSet.m; path = FMDB/FMResultSet.m; sourceTree = "<group>"; };
		3F4E24991918B14000A4A12F /* camera.png */ = {isa = PBXFileReference; lastKnownFileType = image.png; path = camera.png; sourceTree = "<group>"; };
		3F4E249B1918B20A00A4A12F /* MainViewController.h */ = {isa = PBXFileReference; fileEncoding = 4; lastKnownFileType = sourcecode.c.h; name = MainViewController.h; path = Controllers/MainViewController.h; sourceTree = "<group>"; };
		3F4E249C1918B20A00A4A12F /* MainViewController.m */ = {isa = PBXFileReference; fileEncoding = 4; lastKnownFileType = sourcecode.c.objc; name = MainViewController.m; path = Controllers/MainViewController.m; sourceTree = "<group>"; };
		3F69F9EA194946D6009CE261 /* zhuzhuangtu.png */ = {isa = PBXFileReference; lastKnownFileType = image.png; path = zhuzhuangtu.png; sourceTree = "<group>"; };
		3F6BA18A192C45EA00C347EB /* GenericSeparator@2x.png */ = {isa = PBXFileReference; lastKnownFileType = image.png; path = "GenericSeparator@2x.png"; sourceTree = "<group>"; };
		3F6BA18B192C45EA00C347EB /* KeyboardBackgroundTextured@2x.png */ = {isa = PBXFileReference; lastKnownFileType = image.png; path = "KeyboardBackgroundTextured@2x.png"; sourceTree = "<group>"; };
		3F6BA18C192C45EA00C347EB /* BackgroundTexture@2x.png */ = {isa = PBXFileReference; lastKnownFileType = image.png; path = "BackgroundTexture@2x.png"; sourceTree = "<group>"; };
		3F6BA18D192C45EA00C347EB /* KeyboardNumericEntryKeyBackspaceGlyphTextured@2x.png */ = {isa = PBXFileReference; lastKnownFileType = image.png; path = "KeyboardNumericEntryKeyBackspaceGlyphTextured@2x.png"; sourceTree = "<group>"; };
		3F6BA18E192C45EA00C347EB /* KeyboardNumericEntryViewGridLinesTextured@2x.png */ = {isa = PBXFileReference; lastKnownFileType = image.png; path = "KeyboardNumericEntryViewGridLinesTextured@2x.png"; sourceTree = "<group>"; };
		3F6BA18F192C45EA00C347EB /* KeyboardTopShadow@2x.png */ = {isa = PBXFileReference; lastKnownFileType = image.png; path = "KeyboardTopShadow@2x.png"; sourceTree = "<group>"; };
		3F6BA190192C45EA00C347EB /* KeyboardNumericEntryKeyPressedTextured@2x.png */ = {isa = PBXFileReference; lastKnownFileType = image.png; path = "KeyboardNumericEntryKeyPressedTextured@2x.png"; sourceTree = "<group>"; };
		3F6BA191192C45EA00C347EB /* KeyboardNumericEntryKeyTextured@2x.png */ = {isa = PBXFileReference; lastKnownFileType = image.png; path = "KeyboardNumericEntryKeyTextured@2x.png"; sourceTree = "<group>"; };
		3F6BA19A192C47D000C347EB /* Config.h */ = {isa = PBXFileReference; fileEncoding = 4; lastKnownFileType = sourcecode.c.h; path = Config.h; sourceTree = "<group>"; };
		3F6BA19B192C47D000C347EB /* ZenKeyboard.h */ = {isa = PBXFileReference; fileEncoding = 4; lastKnownFileType = sourcecode.c.h; path = ZenKeyboard.h; sourceTree = "<group>"; };
		3F6BA19C192C47D000C347EB /* ZenKeyboard.m */ = {isa = PBXFileReference; fileEncoding = 4; lastKnownFileType = sourcecode.c.objc; path = ZenKeyboard.m; sourceTree = "<group>"; };
		3F88B9381945886000C5875A /* ShowViewController.h */ = {isa = PBXFileReference; fileEncoding = 4; lastKnownFileType = sourcecode.c.h; name = ShowViewController.h; path = Controllers/ShowViewController.h; sourceTree = "<group>"; };
		3F88B9391945886000C5875A /* ShowViewController.m */ = {isa = PBXFileReference; fileEncoding = 4; lastKnownFileType = sourcecode.c.objc; name = ShowViewController.m; path = Controllers/ShowViewController.m; sourceTree = "<group>"; };
		3F88B93B1945A22B00C5875A /* WeekShowViewController.h */ = {isa = PBXFileReference; fileEncoding = 4; lastKnownFileType = sourcecode.c.h; name = WeekShowViewController.h; path = Controllers/WeekShowViewController.h; sourceTree = "<group>"; };
		3F88B93C1945A22B00C5875A /* WeekShowViewController.m */ = {isa = PBXFileReference; fileEncoding = 4; lastKnownFileType = sourcecode.c.objc; name = WeekShowViewController.m; path = Controllers/WeekShowViewController.m; sourceTree = "<group>"; };
		3F88B93E1945A24600C5875A /* MonthShowViewController.h */ = {isa = PBXFileReference; fileEncoding = 4; lastKnownFileType = sourcecode.c.h; name = MonthShowViewController.h; path = Controllers/MonthShowViewController.h; sourceTree = "<group>"; };
		3F88B93F1945A24600C5875A /* MonthShowViewController.m */ = {isa = PBXFileReference; fileEncoding = 4; lastKnownFileType = sourcecode.c.objc; name = MonthShowViewController.m; path = Controllers/MonthShowViewController.m; sourceTree = "<group>"; };
		3F88B9411945A88100C5875A /* CustomViewController.h */ = {isa = PBXFileReference; fileEncoding = 4; lastKnownFileType = sourcecode.c.h; name = CustomViewController.h; path = Controllers/CustomViewController.h; sourceTree = "<group>"; };
		3F88B9421945A88100C5875A /* CustomViewController.m */ = {isa = PBXFileReference; fileEncoding = 4; lastKnownFileType = sourcecode.c.objc; name = CustomViewController.m; path = Controllers/CustomViewController.m; sourceTree = "<group>"; };
		3F892407191C77CC00E6B429 /* EditViewController.h */ = {isa = PBXFileReference; fileEncoding = 4; lastKnownFileType = sourcecode.c.h; name = EditViewController.h; path = Controllers/EditViewController.h; sourceTree = "<group>"; };
		3F892408191C77CC00E6B429 /* EditViewController.m */ = {isa = PBXFileReference; fileEncoding = 4; lastKnownFileType = sourcecode.c.objc; name = EditViewController.m; path = Controllers/EditViewController.m; sourceTree = "<group>"; };
		3F89240A191C870300E6B429 /* EditChildViewController.h */ = {isa = PBXFileReference; fileEncoding = 4; lastKnownFileType = sourcecode.c.h; name = EditChildViewController.h; path = Controllers/EditChildViewController.h; sourceTree = "<group>"; };
		3F89240B191C870300E6B429 /* EditChildViewController.m */ = {isa = PBXFileReference; fileEncoding = 4; lastKnownFileType = sourcecode.c.objc; name = EditChildViewController.m; path = Controllers/EditChildViewController.m; sourceTree = "<group>"; };
		3F92AE0B19346D650003F7B2 /* ChartViewController.h */ = {isa = PBXFileReference; fileEncoding = 4; lastKnownFileType = sourcecode.c.h; name = ChartViewController.h; path = ChartViewControllers/ChartViewController.h; sourceTree = "<group>"; };
		3F92AE0C19346D650003F7B2 /* ChartViewController.m */ = {isa = PBXFileReference; fileEncoding = 4; lastKnownFileType = sourcecode.c.objc; name = ChartViewController.m; path = ChartViewControllers/ChartViewController.m; sourceTree = "<group>"; };
		3FA06F93195029BF003456E4 /* CustomShowViewController.h */ = {isa = PBXFileReference; fileEncoding = 4; lastKnownFileType = sourcecode.c.h; name = CustomShowViewController.h; path = Controllers/CustomShowViewController.h; sourceTree = "<group>"; };
		3FA06F94195029BF003456E4 /* CustomShowViewController.m */ = {isa = PBXFileReference; fileEncoding = 4; lastKnownFileType = sourcecode.c.objc; name = CustomShowViewController.m; path = Controllers/CustomShowViewController.m; sourceTree = "<group>"; };
		3FAC17C1194024A20051E6BC /* EColor.h */ = {isa = PBXFileReference; fileEncoding = 4; lastKnownFileType = sourcecode.c.h; path = EColor.h; sourceTree = "<group>"; };
		3FAC17C2194024A20051E6BC /* EColor.m */ = {isa = PBXFileReference; fileEncoding = 4; lastKnownFileType = sourcecode.c.objc; path = EColor.m; sourceTree = "<group>"; };
		3FAC17C3194024A20051E6BC /* EColumn.h */ = {isa = PBXFileReference; fileEncoding = 4; lastKnownFileType = sourcecode.c.h; path = EColumn.h; sourceTree = "<group>"; };
		3FAC17C4194024A20051E6BC /* EColumn.m */ = {isa = PBXFileReference; fileEncoding = 4; lastKnownFileType = sourcecode.c.objc; path = EColumn.m; sourceTree = "<group>"; };
		3FAC17C5194024A20051E6BC /* EFloatBox.h */ = {isa = PBXFileReference; fileEncoding = 4; lastKnownFileType = sourcecode.c.h; path = EFloatBox.h; sourceTree = "<group>"; };
		3FAC17C6194024A20051E6BC /* EFloatBox.m */ = {isa = PBXFileReference; fileEncoding = 4; lastKnownFileType = sourcecode.c.objc; path = EFloatBox.m; sourceTree = "<group>"; };
		3FAC17C7194024A20051E6BC /* EColumnDataModel.h */ = {isa = PBXFileReference; fileEncoding = 4; lastKnownFileType = sourcecode.c.h; path = EColumnDataModel.h; sourceTree = "<group>"; };
		3FAC17C8194024A20051E6BC /* EColumnDataModel.m */ = {isa = PBXFileReference; fileEncoding = 4; lastKnownFileType = sourcecode.c.objc; path = EColumnDataModel.m; sourceTree = "<group>"; };
		3FAC17C9194024A20051E6BC /* EColumnChartLabel.h */ = {isa = PBXFileReference; fileEncoding = 4; lastKnownFileType = sourcecode.c.h; path = EColumnChartLabel.h; sourceTree = "<group>"; };
		3FAC17CA194024A20051E6BC /* EColumnChartLabel.m */ = {isa = PBXFileReference; fileEncoding = 4; lastKnownFileType = sourcecode.c.objc; path = EColumnChartLabel.m; sourceTree = "<group>"; };
		3FAC17D0194024AF0051E6BC /* EColumnChart.h */ = {isa = PBXFileReference; fileEncoding = 4; lastKnownFileType = sourcecode.c.h; path = EColumnChart.h; sourceTree = "<group>"; };
		3FAC17D1194024AF0051E6BC /* EColumnChart.m */ = {isa = PBXFileReference; fileEncoding = 4; lastKnownFileType = sourcecode.c.objc; path = EColumnChart.m; sourceTree = "<group>"; };
		3FAD300D19259331003B1792 /* MXSCycleScrollView.h */ = {isa = PBXFileReference; fileEncoding = 4; lastKnownFileType = sourcecode.c.h; name = MXSCycleScrollView.h; path = DatePickerView/MXSCycleScrollView.h; sourceTree = "<group>"; };
		3FAD300E19259331003B1792 /* MXSCycleScrollView.m */ = {isa = PBXFileReference; fileEncoding = 4; lastKnownFileType = sourcecode.c.objc; name = MXSCycleScrollView.m; path = DatePickerView/MXSCycleScrollView.m; sourceTree = "<group>"; };
		3FAD300F19259331003B1792 /* RBCustomDatePickerView.h */ = {isa = PBXFileReference; fileEncoding = 4; lastKnownFileType = sourcecode.c.h; name = RBCustomDatePickerView.h; path = DatePickerView/RBCustomDatePickerView.h; sourceTree = "<group>"; };
		3FAD301019259331003B1792 /* RBCustomDatePickerView.m */ = {isa = PBXFileReference; fileEncoding = 4; lastKnownFileType = sourcecode.c.objc; name = RBCustomDatePickerView.m; path = DatePickerView/RBCustomDatePickerView.m; sourceTree = "<group>"; };
		3FBCE70E1917168100B674C3 /* 随手记-第三组.app */ = {isa = PBXFileReference; explicitFileType = wrapper.application; includeInIndex = 0; path = "随手记-第三组.app"; sourceTree = BUILT_PRODUCTS_DIR; };
		3FBCE7111917168100B674C3 /* Foundation.framework */ = {isa = PBXFileReference; lastKnownFileType = wrapper.framework; name = Foundation.framework; path = System/Library/Frameworks/Foundation.framework; sourceTree = SDKROOT; };
		3FBCE7131917168100B674C3 /* CoreGraphics.framework */ = {isa = PBXFileReference; lastKnownFileType = wrapper.framework; name = CoreGraphics.framework; path = System/Library/Frameworks/CoreGraphics.framework; sourceTree = SDKROOT; };
		3FBCE7151917168100B674C3 /* UIKit.framework */ = {isa = PBXFileReference; lastKnownFileType = wrapper.framework; name = UIKit.framework; path = System/Library/Frameworks/UIKit.framework; sourceTree = SDKROOT; };
		3FBCE7191917168100B674C3 /* 随手记-第三组-Info.plist */ = {isa = PBXFileReference; lastKnownFileType = text.plist.xml; path = "随手记-第三组-Info.plist"; sourceTree = "<group>"; };
		3FBCE71B1917168100B674C3 /* en */ = {isa = PBXFileReference; lastKnownFileType = text.plist.strings; name = en; path = en.lproj/InfoPlist.strings; sourceTree = "<group>"; };
		3FBCE71D1917168100B674C3 /* main.m */ = {isa = PBXFileReference; lastKnownFileType = sourcecode.c.objc; path = main.m; sourceTree = "<group>"; };
		3FBCE71F1917168100B674C3 /* 随手记-第三组-Prefix.pch */ = {isa = PBXFileReference; lastKnownFileType = sourcecode.c.h; path = "随手记-第三组-Prefix.pch"; sourceTree = "<group>"; };
		3FBCE7201917168100B674C3 /* AppDelegate.h */ = {isa = PBXFileReference; lastKnownFileType = sourcecode.c.h; path = AppDelegate.h; sourceTree = "<group>"; };
		3FBCE7211917168100B674C3 /* AppDelegate.m */ = {isa = PBXFileReference; lastKnownFileType = sourcecode.c.objc; path = AppDelegate.m; sourceTree = "<group>"; };
		3FBCE7241917168100B674C3 /* Base */ = {isa = PBXFileReference; lastKnownFileType = file.storyboard; name = Base; path = Base.lproj/Main.storyboard; sourceTree = "<group>"; };
		3FBCE7291917168100B674C3 /* Images.xcassets */ = {isa = PBXFileReference; lastKnownFileType = folder.assetcatalog; path = Images.xcassets; sourceTree = "<group>"; };
		3FBCE72F1917168100B674C3 /* 随手记-第三组Tests.xctest */ = {isa = PBXFileReference; explicitFileType = wrapper.cfbundle; includeInIndex = 0; path = "随手记-第三组Tests.xctest"; sourceTree = BUILT_PRODUCTS_DIR; };
		3FBCE7301917168100B674C3 /* XCTest.framework */ = {isa = PBXFileReference; lastKnownFileType = wrapper.framework; name = XCTest.framework; path = Library/Frameworks/XCTest.framework; sourceTree = DEVELOPER_DIR; };
		3FBCE7381917168100B674C3 /* 随手记-第三组Tests-Info.plist */ = {isa = PBXFileReference; lastKnownFileType = text.plist.xml; path = "随手记-第三组Tests-Info.plist"; sourceTree = "<group>"; };
		3FBCE73A1917168100B674C3 /* en */ = {isa = PBXFileReference; lastKnownFileType = text.plist.strings; name = en; path = en.lproj/InfoPlist.strings; sourceTree = "<group>"; };
		3FBCE73C1917168100B674C3 /* _______Tests.m */ = {isa = PBXFileReference; lastKnownFileType = sourcecode.c.objc; path = "_______Tests.m"; sourceTree = "<group>"; };
		3FBCE74A1917181A00B674C3 /* Bill.h */ = {isa = PBXFileReference; fileEncoding = 4; lastKnownFileType = sourcecode.c.h; name = Bill.h; path = Models/Bill.h; sourceTree = "<group>"; };
		3FBCE74B1917181A00B674C3 /* Bill.m */ = {isa = PBXFileReference; fileEncoding = 4; lastKnownFileType = sourcecode.c.objc; name = Bill.m; path = Models/Bill.m; sourceTree = "<group>"; };
		3FBCE74D191718B200B674C3 /* spendingType.h */ = {isa = PBXFileReference; fileEncoding = 4; lastKnownFileType = sourcecode.c.h; name = spendingType.h; path = Models/spendingType.h; sourceTree = "<group>"; };
		3FBCE74E191718B200B674C3 /* spendingType.m */ = {isa = PBXFileReference; fileEncoding = 4; lastKnownFileType = sourcecode.c.objc; name = spendingType.m; path = Models/spendingType.m; sourceTree = "<group>"; };
		3FBCE750191719F900B674C3 /* member.h */ = {isa = PBXFileReference; fileEncoding = 4; lastKnownFileType = sourcecode.c.h; name = member.h; path = Models/member.h; sourceTree = "<group>"; };
		3FBCE751191719F900B674C3 /* member.m */ = {isa = PBXFileReference; fileEncoding = 4; lastKnownFileType = sourcecode.c.objc; name = member.m; path = Models/member.m; sourceTree = "<group>"; };
		3FBCE75319171A1500B674C3 /* budget.h */ = {isa = PBXFileReference; fileEncoding = 4; lastKnownFileType = sourcecode.c.h; name = budget.h; path = Models/budget.h; sourceTree = "<group>"; };
		3FBCE75419171A1500B674C3 /* budget.m */ = {isa = PBXFileReference; fileEncoding = 4; lastKnownFileType = sourcecode.c.objc; name = budget.m; path = Models/budget.m; sourceTree = "<group>"; };
/* End PBXFileReference section */

/* Begin PBXFrameworksBuildPhase section */
		3FBCE70B1917168100B674C3 /* Frameworks */ = {
			isa = PBXFrameworksBuildPhase;
			buildActionMask = 2147483647;
			files = (
				3F1FBC7619512682003FEE26 /* KeyboardManager.framework in Frameworks */,
				3F48C17B19175E8A007DF8FC /* libsqlite3.dylib in Frameworks */,
				3FBCE7141917168100B674C3 /* CoreGraphics.framework in Frameworks */,
				3FBCE7161917168100B674C3 /* UIKit.framework in Frameworks */,
				3FBCE7121917168100B674C3 /* Foundation.framework in Frameworks */,
			);
			runOnlyForDeploymentPostprocessing = 0;
		};
		3FBCE72C1917168100B674C3 /* Frameworks */ = {
			isa = PBXFrameworksBuildPhase;
			buildActionMask = 2147483647;
			files = (
				3FBCE7311917168100B674C3 /* XCTest.framework in Frameworks */,
				3FBCE7331917168100B674C3 /* UIKit.framework in Frameworks */,
				3FBCE7321917168100B674C3 /* Foundation.framework in Frameworks */,
			);
			runOnlyForDeploymentPostprocessing = 0;
		};
/* End PBXFrameworksBuildPhase section */

/* Begin PBXGroup section */
		023FA960192502EC00340EA6 /* DatePickerView */ = {
			isa = PBXGroup;
			children = (
				3FAD300D19259331003B1792 /* MXSCycleScrollView.h */,
				3FAD300E19259331003B1792 /* MXSCycleScrollView.m */,
				3FAD300F19259331003B1792 /* RBCustomDatePickerView.h */,
				3FAD301019259331003B1792 /* RBCustomDatePickerView.m */,
			);
			name = DatePickerView;
			sourceTree = "<group>";
		};
		0289419E19338C3600A07065 /* LDProgressView */ = {
			isa = PBXGroup;
			children = (
				0289419819338C2C00A07065 /* LDProgressView.h */,
				0289419919338C2C00A07065 /* LDProgressView.m */,
				0289419A19338C2C00A07065 /* UIColor+RGBValues.h */,
				0289419B19338C2C00A07065 /* UIColor+RGBValues.m */,
			);
			name = LDProgressView;
			sourceTree = "<group>";
		};
		028941A219338CB300A07065 /* BudgetControllers */ = {
			isa = PBXGroup;
			children = (
				0289419F19338CAC00A07065 /* BudgetViewController.h */,
				028941A019338CAC00A07065 /* BudgetViewController.m */,
			);
			name = BudgetControllers;
			sourceTree = "<group>";
		};
		3F04E34D191B23A000D69E0D /* IQKeyBoardManager */ = {
			isa = PBXGroup;
			children = (
				3F1FBC7319512682003FEE26 /* IQKeyboardManager.bundle */,
				3F1FBC7419512682003FEE26 /* KeyboardManager.framework */,
			);
			name = IQKeyBoardManager;
			path = "随手记-第三组";
			sourceTree = "<group>";
		};
		3F4B9644193582F7005794D0 /* BillShowViewController */ = {
			isa = PBXGroup;
			children = (
				3F4B9641193582EA005794D0 /* BillShowViewController.h */,
				3F4B9642193582EA005794D0 /* BillShowViewController.m */,
			);
			name = BillShowViewController;
			sourceTree = "<group>";
		};
		3F4E24891918B05E00A4A12F /* Controllers */ = {
			isa = PBXGroup;
			children = (
				3F88B9451945A8A300C5875A /* MainViewController */,
				3F4B9644193582F7005794D0 /* BillShowViewController */,
				3F92AE0A19346D1E0003F7B2 /* ChartControllers */,
				028941A219338CB300A07065 /* BudgetControllers */,
				3F88B9441945A88500C5875A /* CustomViewController */,
			);
			name = Controllers;
			sourceTree = "<group>";
		};
		3F69F9EC194946E8009CE261 /* Images */ = {
			isa = PBXGroup;
			children = (
				3F4E24991918B14000A4A12F /* camera.png */,
				0232CE23193EF844006A9314 /* img201110111340220.jpg */,
				3F4AA97B19380C7D00D1A505 /* icon.png */,
				3F69F9EA194946D6009CE261 /* zhuzhuangtu.png */,
			);
			name = Images;
			sourceTree = "<group>";
		};
		3F6A379F1921FA3F0094AA49 /* Resource */ = {
			isa = PBXGroup;
			children = (
				3F6BA18A192C45EA00C347EB /* GenericSeparator@2x.png */,
				3F6BA18B192C45EA00C347EB /* KeyboardBackgroundTextured@2x.png */,
				3F6BA18C192C45EA00C347EB /* BackgroundTexture@2x.png */,
				3F6BA18D192C45EA00C347EB /* KeyboardNumericEntryKeyBackspaceGlyphTextured@2x.png */,
				3F6BA18E192C45EA00C347EB /* KeyboardNumericEntryViewGridLinesTextured@2x.png */,
				3F6BA18F192C45EA00C347EB /* KeyboardTopShadow@2x.png */,
				3F6BA190192C45EA00C347EB /* KeyboardNumericEntryKeyPressedTextured@2x.png */,
				3F6BA191192C45EA00C347EB /* KeyboardNumericEntryKeyTextured@2x.png */,
			);
			path = Resource;
			sourceTree = "<group>";
		};
		3F6A37C71921FA540094AA49 /* ZenKeyboard */ = {
			isa = PBXGroup;
			children = (
				3F6BA19A192C47D000C347EB /* Config.h */,
				3F6BA19B192C47D000C347EB /* ZenKeyboard.h */,
				3F6BA19C192C47D000C347EB /* ZenKeyboard.m */,
				3F6A379F1921FA3F0094AA49 /* Resource */,
			);
			name = ZenKeyboard;
			sourceTree = "<group>";
		};
		3F88B9441945A88500C5875A /* CustomViewController */ = {
			isa = PBXGroup;
			children = (
				3F88B9411945A88100C5875A /* CustomViewController.h */,
				3F88B9421945A88100C5875A /* CustomViewController.m */,
				3FA06F93195029BF003456E4 /* CustomShowViewController.h */,
				3FA06F94195029BF003456E4 /* CustomShowViewController.m */,
			);
			name = CustomViewController;
			sourceTree = "<group>";
		};
		3F88B9451945A8A300C5875A /* MainViewController */ = {
			isa = PBXGroup;
			children = (
				3F4E249B1918B20A00A4A12F /* MainViewController.h */,
				3F4E249C1918B20A00A4A12F /* MainViewController.m */,
				3F88B9381945886000C5875A /* ShowViewController.h */,
				3F88B9391945886000C5875A /* ShowViewController.m */,
				3F88B93B1945A22B00C5875A /* WeekShowViewController.h */,
				3F88B93C1945A22B00C5875A /* WeekShowViewController.m */,
				3F88B93E1945A24600C5875A /* MonthShowViewController.h */,
				3F88B93F1945A24600C5875A /* MonthShowViewController.m */,
				3F892407191C77CC00E6B429 /* EditViewController.h */,
				3F892408191C77CC00E6B429 /* EditViewController.m */,
				3F89240A191C870300E6B429 /* EditChildViewController.h */,
				3F89240B191C870300E6B429 /* EditChildViewController.m */,
				3F2820581924525D00522667 /* AddBillViewController.h */,
				3F2820591924525D00522667 /* AddBillViewController.m */,
				3F323A25193EC3AA007BBCFD /* SubEditViewController.h */,
				3F323A26193EC3AA007BBCFD /* SubEditViewController.m */,
				3F323A28193EC3CD007BBCFD /* SubEcitChildViewController.h */,
				3F323A29193EC3CD007BBCFD /* SubEcitChildViewController.m */,
			);
			name = MainViewController;
			sourceTree = "<group>";
		};
		3F92AE0919346CCA0003F7B2 /* Components */ = {
			isa = PBXGroup;
			children = (
				3FAC17C1194024A20051E6BC /* EColor.h */,
				3FAC17C2194024A20051E6BC /* EColor.m */,
				3FAC17C3194024A20051E6BC /* EColumn.h */,
				3FAC17C4194024A20051E6BC /* EColumn.m */,
				3FAC17C5194024A20051E6BC /* EFloatBox.h */,
				3FAC17C6194024A20051E6BC /* EFloatBox.m */,
				3FAC17C7194024A20051E6BC /* EColumnDataModel.h */,
				3FAC17C8194024A20051E6BC /* EColumnDataModel.m */,
				3FAC17C9194024A20051E6BC /* EColumnChartLabel.h */,
				3FAC17CA194024A20051E6BC /* EColumnChartLabel.m */,
				3FAC17D0194024AF0051E6BC /* EColumnChart.h */,
				3FAC17D1194024AF0051E6BC /* EColumnChart.m */,
			);
			name = Components;
			sourceTree = "<group>";
		};
		3F92AE0A19346D1E0003F7B2 /* ChartControllers */ = {
			isa = PBXGroup;
			children = (
				3F92AE0B19346D650003F7B2 /* ChartViewController.h */,
				3F92AE0C19346D650003F7B2 /* ChartViewController.m */,
				0219E9BD194722B100142ECB /* CharShowViewController.h */,
				0219E9BE194722B100142ECB /* CharShowViewController.m */,
			);
			name = ChartControllers;
			sourceTree = "<group>";
		};
		3FBCE7051917168100B674C3 = {
			isa = PBXGroup;
			children = (
				3FBCE7171917168100B674C3 /* 随手记-第三组 */,
				023FA960192502EC00340EA6 /* DatePickerView */,
				3F92AE0919346CCA0003F7B2 /* Components */,
				3F6A37C71921FA540094AA49 /* ZenKeyboard */,
				3F04E34D191B23A000D69E0D /* IQKeyBoardManager */,
				3FBCE765191727C800B674C3 /* FMDB */,
				0289419E19338C3600A07065 /* LDProgressView */,
				3FBCE7361917168100B674C3 /* 随手记-第三组Tests */,
				3FBCE7101917168100B674C3 /* Frameworks */,
				3FBCE70F1917168100B674C3 /* Products */,
			);
			sourceTree = "<group>";
		};
		3FBCE70F1917168100B674C3 /* Products */ = {
			isa = PBXGroup;
			children = (
				3FBCE70E1917168100B674C3 /* 随手记-第三组.app */,
				3FBCE72F1917168100B674C3 /* 随手记-第三组Tests.xctest */,
			);
			name = Products;
			sourceTree = "<group>";
		};
		3FBCE7101917168100B674C3 /* Frameworks */ = {
			isa = PBXGroup;
			children = (
				3F48C17A19175E8A007DF8FC /* libsqlite3.dylib */,
				3FBCE7111917168100B674C3 /* Foundation.framework */,
				3FBCE7131917168100B674C3 /* CoreGraphics.framework */,
				3FBCE7151917168100B674C3 /* UIKit.framework */,
				3FBCE7301917168100B674C3 /* XCTest.framework */,
			);
			name = Frameworks;
			sourceTree = "<group>";
		};
		3FBCE7171917168100B674C3 /* 随手记-第三组 */ = {
			isa = PBXGroup;
			children = (
				3F69F9EC194946E8009CE261 /* Images */,
				3FBCE7201917168100B674C3 /* AppDelegate.h */,
				3FBCE7211917168100B674C3 /* AppDelegate.m */,
				3FBCE7231917168100B674C3 /* Main.storyboard */,
				3F04E34E191B29C900D69E0D /* ProvincesAndCities.plist */,
				3F1FBC7119511F1E003FEE26 /* shuiShouji.db */,
				3FBCE7461917168D00B674C3 /* Models */,
				3F4E24891918B05E00A4A12F /* Controllers */,
				3FBCE7291917168100B674C3 /* Images.xcassets */,
				3FBCE7181917168100B674C3 /* Supporting Files */,
			);
			path = "随手记-第三组";
			sourceTree = "<group>";
		};
		3FBCE7181917168100B674C3 /* Supporting Files */ = {
			isa = PBXGroup;
			children = (
				3FBCE7191917168100B674C3 /* 随手记-第三组-Info.plist */,
				3FBCE71A1917168100B674C3 /* InfoPlist.strings */,
				3FBCE71D1917168100B674C3 /* main.m */,
				3FBCE71F1917168100B674C3 /* 随手记-第三组-Prefix.pch */,
			);
			name = "Supporting Files";
			sourceTree = "<group>";
		};
		3FBCE7361917168100B674C3 /* 随手记-第三组Tests */ = {
			isa = PBXGroup;
			children = (
				3FBCE73C1917168100B674C3 /* _______Tests.m */,
				3FBCE7371917168100B674C3 /* Supporting Files */,
			);
			path = "随手记-第三组Tests";
			sourceTree = "<group>";
		};
		3FBCE7371917168100B674C3 /* Supporting Files */ = {
			isa = PBXGroup;
			children = (
				3FBCE7381917168100B674C3 /* 随手记-第三组Tests-Info.plist */,
				3FBCE7391917168100B674C3 /* InfoPlist.strings */,
			);
			name = "Supporting Files";
			sourceTree = "<group>";
		};
		3FBCE7461917168D00B674C3 /* Models */ = {
			isa = PBXGroup;
			children = (
				3FBCE74A1917181A00B674C3 /* Bill.h */,
				3FBCE74B1917181A00B674C3 /* Bill.m */,
				3FBCE74D191718B200B674C3 /* spendingType.h */,
				3FBCE74E191718B200B674C3 /* spendingType.m */,
				3FBCE750191719F900B674C3 /* member.h */,
				3FBCE751191719F900B674C3 /* member.m */,
				3FBCE75319171A1500B674C3 /* budget.h */,
				3FBCE75419171A1500B674C3 /* budget.m */,
				0205317C19309275000B1C5B /* DatabaseManager.h */,
				0205317D19309275000B1C5B /* DatabaseManager.m */,
			);
			name = Models;
			sourceTree = "<group>";
		};
		3FBCE765191727C800B674C3 /* FMDB */ = {
			isa = PBXGroup;
			children = (
				3F4E248A1918B0C500A4A12F /* FMDatabase.h */,
				3F4E248B1918B0C500A4A12F /* FMDatabase.m */,
				3F4E248C1918B0C500A4A12F /* FMDatabaseAdditions.h */,
				3F4E248D1918B0C500A4A12F /* FMDatabaseAdditions.m */,
				3F4E248E1918B0C500A4A12F /* FMDatabasePool.h */,
				3F4E248F1918B0C500A4A12F /* FMDatabasePool.m */,
				3F4E24901918B0C500A4A12F /* FMDatabaseQueue.h */,
				3F4E24911918B0C500A4A12F /* FMDatabaseQueue.m */,
				3F4E24921918B0C500A4A12F /* FMResultSet.h */,
				3F4E24931918B0C500A4A12F /* FMResultSet.m */,
			);
			name = FMDB;
			sourceTree = "<group>";
		};
/* End PBXGroup section */

/* Begin PBXNativeTarget section */
		3FBCE70D1917168100B674C3 /* 随手记-第三组 */ = {
			isa = PBXNativeTarget;
			buildConfigurationList = 3FBCE7401917168100B674C3 /* Build configuration list for PBXNativeTarget "随手记-第三组" */;
			buildPhases = (
				3FBCE70A1917168100B674C3 /* Sources */,
				3FBCE70B1917168100B674C3 /* Frameworks */,
				3FBCE70C1917168100B674C3 /* Resources */,
			);
			buildRules = (
			);
			dependencies = (
			);
			name = "随手记-第三组";
			productName = "随手记-第三组";
			productReference = 3FBCE70E1917168100B674C3 /* 随手记-第三组.app */;
			productType = "com.apple.product-type.application";
		};
		3FBCE72E1917168100B674C3 /* 随手记-第三组Tests */ = {
			isa = PBXNativeTarget;
			buildConfigurationList = 3FBCE7431917168100B674C3 /* Build configuration list for PBXNativeTarget "随手记-第三组Tests" */;
			buildPhases = (
				3FBCE72B1917168100B674C3 /* Sources */,
				3FBCE72C1917168100B674C3 /* Frameworks */,
				3FBCE72D1917168100B674C3 /* Resources */,
			);
			buildRules = (
			);
			dependencies = (
				3FBCE7351917168100B674C3 /* PBXTargetDependency */,
			);
			name = "随手记-第三组Tests";
			productName = "随手记-第三组Tests";
			productReference = 3FBCE72F1917168100B674C3 /* 随手记-第三组Tests.xctest */;
			productType = "com.apple.product-type.bundle.unit-test";
		};
/* End PBXNativeTarget section */

/* Begin PBXProject section */
		3FBCE7061917168100B674C3 /* Project object */ = {
			isa = PBXProject;
			attributes = {
				LastUpgradeCheck = 0500;
				ORGANIZATIONNAME = "小刚";
				TargetAttributes = {
					3FBCE72E1917168100B674C3 = {
						TestTargetID = 3FBCE70D1917168100B674C3;
					};
				};
			};
			buildConfigurationList = 3FBCE7091917168100B674C3 /* Build configuration list for PBXProject "随手记-第三组" */;
			compatibilityVersion = "Xcode 3.2";
			developmentRegion = English;
			hasScannedForEncodings = 0;
			knownRegions = (
				en,
				Base,
			);
			mainGroup = 3FBCE7051917168100B674C3;
			productRefGroup = 3FBCE70F1917168100B674C3 /* Products */;
			projectDirPath = "";
			projectRoot = "";
			targets = (
				3FBCE70D1917168100B674C3 /* 随手记-第三组 */,
				3FBCE72E1917168100B674C3 /* 随手记-第三组Tests */,
			);
		};
/* End PBXProject section */

/* Begin PBXResourcesBuildPhase section */
		3FBCE70C1917168100B674C3 /* Resources */ = {
			isa = PBXResourcesBuildPhase;
			buildActionMask = 2147483647;
			files = (
				3FBCE72A1917168100B674C3 /* Images.xcassets in Resources */,
				3F6BA199192C45EA00C347EB /* KeyboardNumericEntryKeyTextured@2x.png in Resources */,
				3FBCE71C1917168100B674C3 /* InfoPlist.strings in Resources */,
				3F6BA195192C45EA00C347EB /* KeyboardNumericEntryKeyBackspaceGlyphTextured@2x.png in Resources */,
				3F69F9EB194946D6009CE261 /* zhuzhuangtu.png in Resources */,
				3F6BA197192C45EA00C347EB /* KeyboardTopShadow@2x.png in Resources */,
				3F4E249A1918B14000A4A12F /* camera.png in Resources */,
				3F6BA198192C45EA00C347EB /* KeyboardNumericEntryKeyPressedTextured@2x.png in Resources */,
				3F1FBC7519512682003FEE26 /* IQKeyboardManager.bundle in Resources */,
				3F6BA194192C45EA00C347EB /* BackgroundTexture@2x.png in Resources */,
				3F04E34F191B29C900D69E0D /* ProvincesAndCities.plist in Resources */,
				3F6BA193192C45EA00C347EB /* KeyboardBackgroundTextured@2x.png in Resources */,
				3F4AA97C19380C7D00D1A505 /* icon.png in Resources */,
				0232CE24193EF844006A9314 /* img201110111340220.jpg in Resources */,
				3F6BA192192C45EA00C347EB /* GenericSeparator@2x.png in Resources */,
				3F1FBC7219511F1E003FEE26 /* shuiShouji.db in Resources */,
				3FBCE7251917168100B674C3 /* Main.storyboard in Resources */,
				3F6BA196192C45EA00C347EB /* KeyboardNumericEntryViewGridLinesTextured@2x.png in Resources */,
			);
			runOnlyForDeploymentPostprocessing = 0;
		};
		3FBCE72D1917168100B674C3 /* Resources */ = {
			isa = PBXResourcesBuildPhase;
			buildActionMask = 2147483647;
			files = (
				3FBCE73B1917168100B674C3 /* InfoPlist.strings in Resources */,
			);
			runOnlyForDeploymentPostprocessing = 0;
		};
/* End PBXResourcesBuildPhase section */

/* Begin PBXSourcesBuildPhase section */
		3FBCE70A1917168100B674C3 /* Sources */ = {
			isa = PBXSourcesBuildPhase;
			buildActionMask = 2147483647;
			files = (
				3FBCE74C1917181A00B674C3 /* Bill.m in Sources */,
				3FBCE7221917168100B674C3 /* AppDelegate.m in Sources */,
				3F6BA19D192C47D000C347EB /* ZenKeyboard.m in Sources */,
				3FBCE752191719F900B674C3 /* member.m in Sources */,
				3FBCE74F191718B200B674C3 /* spendingType.m in Sources */,
				0289419D19338C2C00A07065 /* UIColor+RGBValues.m in Sources */,
				3F88B9401945A24600C5875A /* MonthShowViewController.m in Sources */,
				3F323A2A193EC3CD007BBCFD /* SubEcitChildViewController.m in Sources */,
				3F28205A1924525D00522667 /* AddBillViewController.m in Sources */,
				3FAD301119259331003B1792 /* MXSCycleScrollView.m in Sources */,
				3FAC17CD194024A20051E6BC /* EFloatBox.m in Sources */,
				3F892409191C77CC00E6B429 /* EditViewController.m in Sources */,
				0289419C19338C2C00A07065 /* LDProgressView.m in Sources */,
				3FAC17CF194024A20051E6BC /* EColumnChartLabel.m in Sources */,
				0205317E19309275000B1C5B /* DatabaseManager.m in Sources */,
				3F88B93A1945886000C5875A /* ShowViewController.m in Sources */,
				3FA06F95195029BF003456E4 /* CustomShowViewController.m in Sources */,
				3FAC17D2194024AF0051E6BC /* EColumnChart.m in Sources */,
				3F4E249D1918B20A00A4A12F /* MainViewController.m in Sources */,
				3FBCE75519171A1500B674C3 /* budget.m in Sources */,
				3F4E24951918B0C500A4A12F /* FMDatabaseAdditions.m in Sources */,
				3FAC17CC194024A20051E6BC /* EColumn.m in Sources */,
				3F4E24981918B0C500A4A12F /* FMResultSet.m in Sources */,
				3FBCE71E1917168100B674C3 /* main.m in Sources */,
				0219E9BF194722B100142ECB /* CharShowViewController.m in Sources */,
				3F4B9643193582EA005794D0 /* BillShowViewController.m in Sources */,
				3FAD301219259331003B1792 /* RBCustomDatePickerView.m in Sources */,
				3F92AE0D19346D650003F7B2 /* ChartViewController.m in Sources */,
				3F88B93D1945A22B00C5875A /* WeekShowViewController.m in Sources */,
				3FAC17CB194024A20051E6BC /* EColor.m in Sources */,
				3FAC17CE194024A20051E6BC /* EColumnDataModel.m in Sources */,
				3F323A27193EC3AA007BBCFD /* SubEditViewController.m in Sources */,
				3F4E24961918B0C500A4A12F /* FMDatabasePool.m in Sources */,
				3F88B9431945A88100C5875A /* CustomViewController.m in Sources */,
				3F4E24971918B0C500A4A12F /* FMDatabaseQueue.m in Sources */,
				3F89240C191C870300E6B429 /* EditChildViewController.m in Sources */,
				028941A119338CAC00A07065 /* BudgetViewController.m in Sources */,
				3F4E24941918B0C500A4A12F /* FMDatabase.m in Sources */,
			);
			runOnlyForDeploymentPostprocessing = 0;
		};
		3FBCE72B1917168100B674C3 /* Sources */ = {
			isa = PBXSourcesBuildPhase;
			buildActionMask = 2147483647;
			files = (
				3FBCE73D1917168100B674C3 /* _______Tests.m in Sources */,
			);
			runOnlyForDeploymentPostprocessing = 0;
		};
/* End PBXSourcesBuildPhase section */

/* Begin PBXTargetDependency section */
		3FBCE7351917168100B674C3 /* PBXTargetDependency */ = {
			isa = PBXTargetDependency;
			target = 3FBCE70D1917168100B674C3 /* 随手记-第三组 */;
			targetProxy = 3FBCE7341917168100B674C3 /* PBXContainerItemProxy */;
		};
/* End PBXTargetDependency section */

/* Begin PBXVariantGroup section */
		3FBCE71A1917168100B674C3 /* InfoPlist.strings */ = {
			isa = PBXVariantGroup;
			children = (
				3FBCE71B1917168100B674C3 /* en */,
			);
			name = InfoPlist.strings;
			sourceTree = "<group>";
		};
		3FBCE7231917168100B674C3 /* Main.storyboard */ = {
			isa = PBXVariantGroup;
			children = (
				3FBCE7241917168100B674C3 /* Base */,
			);
			name = Main.storyboard;
			sourceTree = "<group>";
		};
		3FBCE7391917168100B674C3 /* InfoPlist.strings */ = {
			isa = PBXVariantGroup;
			children = (
				3FBCE73A1917168100B674C3 /* en */,
			);
			name = InfoPlist.strings;
			sourceTree = "<group>";
		};
/* End PBXVariantGroup section */

/* Begin XCBuildConfiguration section */
		3FBCE73E1917168100B674C3 /* Debug */ = {
			isa = XCBuildConfiguration;
			buildSettings = {
				ALWAYS_SEARCH_USER_PATHS = NO;
				ARCHS = "$(ARCHS_STANDARD_INCLUDING_64_BIT)";
				CLANG_CXX_LANGUAGE_STANDARD = "gnu++0x";
				CLANG_CXX_LIBRARY = "libc++";
				CLANG_ENABLE_MODULES = YES;
				CLANG_ENABLE_OBJC_ARC = YES;
				CLANG_WARN_BOOL_CONVERSION = YES;
				CLANG_WARN_CONSTANT_CONVERSION = YES;
				CLANG_WARN_DIRECT_OBJC_ISA_USAGE = YES_ERROR;
				CLANG_WARN_EMPTY_BODY = YES;
				CLANG_WARN_ENUM_CONVERSION = YES;
				CLANG_WARN_INT_CONVERSION = YES;
				CLANG_WARN_OBJC_ROOT_CLASS = YES_ERROR;
				CLANG_WARN__DUPLICATE_METHOD_MATCH = YES;
				"CODE_SIGN_IDENTITY[sdk=iphoneos*]" = "iPhone Developer";
				COPY_PHASE_STRIP = NO;
				GCC_C_LANGUAGE_STANDARD = gnu99;
				GCC_DYNAMIC_NO_PIC = NO;
				GCC_OPTIMIZATION_LEVEL = 0;
				GCC_PREPROCESSOR_DEFINITIONS = (
					"DEBUG=1",
					"$(inherited)",
				);
				GCC_SYMBOLS_PRIVATE_EXTERN = NO;
				GCC_WARN_64_TO_32_BIT_CONVERSION = YES;
				GCC_WARN_ABOUT_RETURN_TYPE = YES_ERROR;
				GCC_WARN_UNDECLARED_SELECTOR = YES;
				GCC_WARN_UNINITIALIZED_AUTOS = YES;
				GCC_WARN_UNUSED_FUNCTION = YES;
				GCC_WARN_UNUSED_VARIABLE = YES;
				IPHONEOS_DEPLOYMENT_TARGET = 7.0;
				ONLY_ACTIVE_ARCH = YES;
				SDKROOT = iphoneos;
			};
			name = Debug;
		};
		3FBCE73F1917168100B674C3 /* Release */ = {
			isa = XCBuildConfiguration;
			buildSettings = {
				ALWAYS_SEARCH_USER_PATHS = NO;
				ARCHS = "$(ARCHS_STANDARD_INCLUDING_64_BIT)";
				CLANG_CXX_LANGUAGE_STANDARD = "gnu++0x";
				CLANG_CXX_LIBRARY = "libc++";
				CLANG_ENABLE_MODULES = YES;
				CLANG_ENABLE_OBJC_ARC = YES;
				CLANG_WARN_BOOL_CONVERSION = YES;
				CLANG_WARN_CONSTANT_CONVERSION = YES;
				CLANG_WARN_DIRECT_OBJC_ISA_USAGE = YES_ERROR;
				CLANG_WARN_EMPTY_BODY = YES;
				CLANG_WARN_ENUM_CONVERSION = YES;
				CLANG_WARN_INT_CONVERSION = YES;
				CLANG_WARN_OBJC_ROOT_CLASS = YES_ERROR;
				CLANG_WARN__DUPLICATE_METHOD_MATCH = YES;
				"CODE_SIGN_IDENTITY[sdk=iphoneos*]" = "iPhone Developer";
				COPY_PHASE_STRIP = YES;
				ENABLE_NS_ASSERTIONS = NO;
				GCC_C_LANGUAGE_STANDARD = gnu99;
				GCC_WARN_64_TO_32_BIT_CONVERSION = YES;
				GCC_WARN_ABOUT_RETURN_TYPE = YES_ERROR;
				GCC_WARN_UNDECLARED_SELECTOR = YES;
				GCC_WARN_UNINITIALIZED_AUTOS = YES;
				GCC_WARN_UNUSED_FUNCTION = YES;
				GCC_WARN_UNUSED_VARIABLE = YES;
				IPHONEOS_DEPLOYMENT_TARGET = 7.0;
				SDKROOT = iphoneos;
				VALIDATE_PRODUCT = YES;
			};
			name = Release;
		};
		3FBCE7411917168100B674C3 /* Debug */ = {
			isa = XCBuildConfiguration;
			buildSettings = {
				ASSETCATALOG_COMPILER_APPICON_NAME = AppIcon;
				ASSETCATALOG_COMPILER_LAUNCHIMAGE_NAME = LaunchImage;
				FRAMEWORK_SEARCH_PATHS = (
					"$(inherited)",
					"/Users/student/Desktop/随手记-第三组/IQKeyboardManager",
					Framework,
					"/Users/xiaogang/Desktop/随手记-第三组/随手记-第三组",
					"/Users/xiaogang/Desktop/随手记-第三组/随手记-第三组/IQKeyboardManager",
					Framework,
					"/Users/student/Desktop/随手记-第三组/随手记-第三组/IQKeyboardManager",
					Framework,
					"/Users/xiaogang/Desktop/随手记-第三组",
					"/随手记-第三组/IQKeyboardManager",
					Framework,
					"/Users/student/Desktop/随手记-第三组",
					"/随手记-第三组/IQKeyboardManager",
					Framework,
					"/Users/student/Desktop/随手记",
					"/随手记-第三组/IQKeyboardManager",
					Framework,
					"/Users/xiaogang/Desktop/随手记",
					"/随手记-第三组/IQKeyboardManager",
					Framework,
					/Users/love/.Trash,
					"/Users/love/Desktop/随手记",
					"/随手记-第三组",
					"/Users/student/Desktop/随手记",
					"/随手记-第三组",
					"/Users/xiaogang/Desktop/随手记",
					"/随手记-第三组",
					"/Users/student/Desktop/iBill/随手记-第三组",
					"$(PROJECT_DIR)/随手记-第三组",
				);
				GCC_PRECOMPILE_PREFIX_HEADER = YES;
				GCC_PREFIX_HEADER = "随手记-第三组/随手记-第三组-Prefix.pch";
				INFOPLIST_FILE = "随手记-第三组/随手记-第三组-Info.plist";
				OTHER_LDFLAGS = "-ObjC";
				PRODUCT_NAME = "$(TARGET_NAME)";
				WRAPPER_EXTENSION = app;
			};
			name = Debug;
		};
		3FBCE7421917168100B674C3 /* Release */ = {
			isa = XCBuildConfiguration;
			buildSettings = {
				ASSETCATALOG_COMPILER_APPICON_NAME = AppIcon;
				ASSETCATALOG_COMPILER_LAUNCHIMAGE_NAME = LaunchImage;
				FRAMEWORK_SEARCH_PATHS = (
					"$(inherited)",
					"/Users/student/Desktop/随手记-第三组/IQKeyboardManager",
					Framework,
					"/Users/xiaogang/Desktop/随手记-第三组/随手记-第三组",
					"/Users/xiaogang/Desktop/随手记-第三组/随手记-第三组/IQKeyboardManager",
					Framework,
					"/Users/student/Desktop/随手记-第三组/随手记-第三组/IQKeyboardManager",
					Framework,
					"/Users/xiaogang/Desktop/随手记-第三组",
					"/随手记-第三组/IQKeyboardManager",
					Framework,
					"/Users/student/Desktop/随手记-第三组",
					"/随手记-第三组/IQKeyboardManager",
					Framework,
					"/Users/student/Desktop/随手记",
					"/随手记-第三组/IQKeyboardManager",
					Framework,
					"/Users/xiaogang/Desktop/随手记",
					"/随手记-第三组/IQKeyboardManager",
					Framework,
					/Users/love/.Trash,
					"/Users/love/Desktop/随手记",
					"/随手记-第三组",
					"/Users/student/Desktop/随手记",
					"/随手记-第三组",
					"/Users/xiaogang/Desktop/随手记",
					"/随手记-第三组",
					"/Users/student/Desktop/iBill/随手记-第三组",
					"$(PROJECT_DIR)/随手记-第三组",
				);
				GCC_PRECOMPILE_PREFIX_HEADER = YES;
				GCC_PREFIX_HEADER = "随手记-第三组/随手记-第三组-Prefix.pch";
				INFOPLIST_FILE = "随手记-第三组/随手记-第三组-Info.plist";
				OTHER_LDFLAGS = "-ObjC";
				PRODUCT_NAME = "$(TARGET_NAME)";
				WRAPPER_EXTENSION = app;
			};
			name = Release;
		};
		3FBCE7441917168100B674C3 /* Debug */ = {
			isa = XCBuildConfiguration;
			buildSettings = {
				ARCHS = "$(ARCHS_STANDARD_INCLUDING_64_BIT)";
				BUNDLE_LOADER = "$(BUILT_PRODUCTS_DIR)/随手记-第三组.app/随手记-第三组";
				FRAMEWORK_SEARCH_PATHS = (
					"$(SDKROOT)/Developer/Library/Frameworks",
					"$(inherited)",
					"$(DEVELOPER_FRAMEWORKS_DIR)",
				);
				GCC_PRECOMPILE_PREFIX_HEADER = YES;
				GCC_PREFIX_HEADER = "随手记-第三组/随手记-第三组-Prefix.pch";
				GCC_PREPROCESSOR_DEFINITIONS = (
					"DEBUG=1",
					"$(inherited)",
				);
				INFOPLIST_FILE = "随手记-第三组Tests/随手记-第三组Tests-Info.plist";
				PRODUCT_NAME = "$(TARGET_NAME)";
				TEST_HOST = "$(BUNDLE_LOADER)";
				WRAPPER_EXTENSION = xctest;
			};
			name = Debug;
		};
		3FBCE7451917168100B674C3 /* Release */ = {
			isa = XCBuildConfiguration;
			buildSettings = {
				ARCHS = "$(ARCHS_STANDARD_INCLUDING_64_BIT)";
				BUNDLE_LOADER = "$(BUILT_PRODUCTS_DIR)/随手记-第三组.app/随手记-第三组";
				FRAMEWORK_SEARCH_PATHS = (
					"$(SDKROOT)/Developer/Library/Frameworks",
					"$(inherited)",
					"$(DEVELOPER_FRAMEWORKS_DIR)",
				);
				GCC_PRECOMPILE_PREFIX_HEADER = YES;
				GCC_PREFIX_HEADER = "随手记-第三组/随手记-第三组-Prefix.pch";
				INFOPLIST_FILE = "随手记-第三组Tests/随手记-第三组Tests-Info.plist";
				PRODUCT_NAME = "$(TARGET_NAME)";
				TEST_HOST = "$(BUNDLE_LOADER)";
				WRAPPER_EXTENSION = xctest;
			};
			name = Release;
		};
/* End XCBuildConfiguration section */

/* Begin XCConfigurationList section */
		3FBCE7091917168100B674C3 /* Build configuration list for PBXProject "随手记-第三组" */ = {
			isa = XCConfigurationList;
			buildConfigurations = (
				3FBCE73E1917168100B674C3 /* Debug */,
				3FBCE73F1917168100B674C3 /* Release */,
			);
			defaultConfigurationIsVisible = 0;
			defaultConfigurationName = Release;
		};
		3FBCE7401917168100B674C3 /* Build configuration list for PBXNativeTarget "随手记-第三组" */ = {
			isa = XCConfigurationList;
			buildConfigurations = (
				3FBCE7411917168100B674C3 /* Debug */,
				3FBCE7421917168100B674C3 /* Release */,
			);
			defaultConfigurationIsVisible = 0;
			defaultConfigurationName = Release;
		};
		3FBCE7431917168100B674C3 /* Build configuration list for PBXNativeTarget "随手记-第三组Tests" */ = {
			isa = XCConfigurationList;
			buildConfigurations = (
				3FBCE7441917168100B674C3 /* Debug */,
				3FBCE7451917168100B674C3 /* Release */,
			);
			defaultConfigurationIsVisible = 0;
			defaultConfigurationName = Release;
		};
/* End XCConfigurationList section */
	};
	rootObject = 3FBCE7061917168100B674C3 /* Project object */;
}
